
Microsoft Visual Studio Solution File, Format Version 12.00
# Visual Studio Version 17
VisualStudioVersion = 17.14.36310.24 d17.14
MinimumVisualStudioVersion = 10.0.40219.1
Project("{FAE04EC0-301F-11D3-BF4B-00C04F79EFBC}") = "MyToDo", "MyToDo\MyToDo.csproj", "{43EC63A9-A953-AFF7-B821-8A25FE612ABB}"
EndProject
Project("{FAE04EC0-301F-11D3-BF4B-00C04F79EFBC}") = "MyToDo.Shared", "MyToDo.Shared\MyToDo.Shared.csproj", "{76B5688E-8503-B4DB-9CBE-C1C4F332C50C}"
EndProject
Global
	GlobalSection(SolutionConfigurationPlatforms) = preSolution
		Debug|Any CPU = Debug|Any CPU
		Release|Any CPU = Release|Any CPU
	EndGlobalSection
	GlobalSection(ProjectConfigurationPlatforms) = postSolution
		{43EC63A9-A953-AFF7-B821-8A25FE612ABB}.Debug|Any CPU.ActiveCfg = Debug|Any CPU
		{43EC63A9-A953-AFF7-B821-8A25FE612ABB}.Debug|Any CPU.Build.0 = Debug|Any CPU
		{43EC63A9-A953-AFF7-B821-8A25FE612ABB}.Release|Any CPU.ActiveCfg = Release|Any CPU
		{43EC63A9-A953-AFF7-B821-8A25FE612ABB}.Release|Any CPU.Build.0 = Release|Any CPU
		{76B5688E-8503-B4DB-9CBE-C1C4F332C50C}.Debug|Any CPU.ActiveCfg = Debug|Any CPU
		{76B5688E-8503-B4DB-9CBE-C1C4F332C50C}.Debug|Any CPU.Build.0 = Debug|Any CPU
		{76B5688E-8503-B4DB-9CBE-C1C4F332C50C}.Release|Any CPU.ActiveCfg = Release|Any CPU
		{76B5688E-8503-B4DB-9CBE-C1C4F332C50C}.Release|Any CPU.Build.0 = Release|Any CPU
	EndGlobalSection
	GlobalSection(SolutionProperties) = preSolution
		HideSolutionNode = FALSE
	EndGlobalSection
	GlobalSection(ExtensibilityGlobals) = postSolution
		SolutionGuid = {C4334E2D-E02E-472A-99A8-45B893FEEE6F}
	EndGlobalSection
EndGlobal
